// !$*UTF8*$!
{
	archiveVersion = 1;
	classes = {
	};
	objectVersion = 46;
	objects = {

/* Begin PBXBuildFile section */
		FBA44BB11C75CFE60058A9B4 /* main.swift in Sources */ = {isa = PBXBuildFile; fileRef = FBA44BB01C75CFE60058A9B4 /* main.swift */; };
		FBA44BB81C75D0130058A9B4 /* Retangulo.swift in Sources */ = {isa = PBXBuildFile; fileRef = FBA44BB71C75D0130058A9B4 /* Retangulo.swift */; };
/* End PBXBuildFile section */

/* Begin PBXCopyFilesBuildPhase section */
		FBA44BAB1C75CFE60058A9B4 /* CopyFiles */ = {
			isa = PBXCopyFilesBuildPhase;
			buildActionMask = 2147483647;
			dstPath = /usr/share/man/man1/;
			dstSubfolderSpec = 0;
			files = (
			);
			runOnlyForDeploymentPostprocessing = 1;
		};
/* End PBXCopyFilesBuildPhase section */

/* Begin PBXFileReference section */
		FBA44BAD1C75CFE60058A9B4 /* GeometriaStruct */ = {isa = PBXFileReference; explicitFileType = "compiled.mach-o.executable"; includeInIndex = 0; path = GeometriaStruct; sourceTree = BUILT_PRODUCTS_DIR; };
		FBA44BB01C75CFE60058A9B4 /* main.swift */ = {isa = PBXFileReference; lastKnownFileType = sourcecode.swift; path = main.swift; sourceTree = "<group>"; };
		FBA44BB71C75D0130058A9B4 /* Retangulo.swift */ = {isa = PBXFileReference; fileEncoding = 4; lastKnownFileType = sourcecode.swift; path = Retangulo.swift; sourceTree = "<group>"; };
/* End PBXFileReference section */

/* Begin PBXFrameworksBuildPhase section */
		FBA44BAA1C75CFE60058A9B4 /* Frameworks */ = {
			isa = PBXFrameworksBuildPhase;
			buildActionMask = 2147483647;
			files = (
			);
			runOnlyForDeploymentPostprocessing = 0;
		};
/* End PBXFrameworksBuildPhase section */

/* Begin PBXGroup section */
		FBA44BA41C75CFE60058A9B4 = {
			isa = PBXGroup;
			children = (
				FBA44BAF1C75CFE60058A9B4 /* GeometriaStruct */,
				FBA44BAE1C75CFE60058A9B4 /* Products */,
			);
			sourceTree = "<group>";
		};
		FBA44BAE1C75CFE60058A9B4 /* Products */ = {
			isa = PBXGroup;
			children = (
				FBA44BAD1C75CFE60058A9B4 /* GeometriaStruct */,
			);
			name = Products;
			sourceTree = "<group>";
		};
		FBA44BAF1C75CFE60058A9B4 /* GeometriaStruct */ = {
			isa = PBXGroup;
			children = (
				FBA44BB01C75CFE60058A9B4 /* main.swift */,
				FBA44BB71C75D0130058A9B4 /* Retangulo.swift */,
			);
			path = GeometriaStruct;
			sourceTree = "<group>";
		};
/* End PBXGroup section */

/* Begin PBXNativeTarget section */
		FBA44BAC1C75CFE60058A9B4 /* GeometriaStruct */ = {
			isa = PBXNativeTarget;
			buildConfigurationList = FBA44BB41C75CFE60058A9B4 /* Build configuration list for PBXNativeTarget "GeometriaStruct" */;
			buildPhases = (
				FBA44BA91C75CFE60058A9B4 /* Sources */,
				FBA44BAA1C75CFE60058A9B4 /* Frameworks */,
				FBA44BAB1C75CFE60058A9B4 /* CopyFiles */,
			);
			buildRules = (
			);
			dependencies = (
			);
			name = GeometriaStruct;
			productName = GeometriaStruct;
			productReference = FBA44BAD1C75CFE60058A9B4 /* GeometriaStruct */;
			productType = "com.apple.product-type.tool";
		};
/* End PBXNativeTarget section */

/* Begin PBXProject section */
		FBA44BA51C75CFE60058A9B4 /* Project object */ = {
			isa = PBXProject;
			attributes = {
				LastSwiftUpdateCheck = 0720;
				LastUpgradeCheck = 0720;
				ORGANIZATIONNAME = Infnet;
				TargetAttributes = {
					FBA44BAC1C75CFE60058A9B4 = {
						CreatedOnToolsVersion = 7.2.1;
					};
				};
			};
			buildConfigurationList = FBA44BA81C75CFE60058A9B4 /* Build configuration list for PBXProject "GeometriaStruct" */;
			compatibilityVersion = "Xcode 3.2";
			developmentRegion = English;
			hasScannedForEncodings = 0;
			knownRegions = (
				en,
			);
			mainGroup = FBA44BA41C75CFE60058A9B4;
			productRefGroup = FBA44BAE1C75CFE60058A9B4 /* Products */;
			projectDirPath = "";
			projectRoot = "";
			targets = (
				FBA44BAC1C75CFE60058A9B4 /* GeometriaStruct */,
			);
		};
/* End PBXProject section */

/* Begin PBXSourcesBuildPhase section */
		FBA44BA91C75CFE60058A9B4 /* Sources */ = {
			isa = PBXSourcesBuildPhase;
			buildActionMask = 2147483647;
			files = (
				FBA44BB11C75CFE60058A9B4 /* main.swift in Sources */,
				FBA44BB81C75D0130058A9B4 /* Retangulo.swift in Sources */,
			);
			runOnlyForDeploymentPostprocessing = 0;
		};
/* End PBXSourcesBuildPhase section */

/* Begin XCBuildConfiguration section */
		FBA44BB21C75CFE60058A9B4 /* Debug */ = {
			isa = XCBuildConfiguration;
			buildSettings = {
				ALWAYS_SEARCH_USER_PATHS = NO;
				CLANG_CXX_LANGUAGE_STANDARD = "gnu++0x";
				CLANG_CXX_LIBRARY = "libc++";
				CLANG_ENABLE_MODULES = YES;
				CLANG_ENABLE_OBJC_ARC = YES;
				CLANG_WARN_BOOL_CONVERSION = YES;
				CLANG_WARN_CONSTANT_CONVERSION = YES;
				CLANG_WARN_DIRECT_OBJC_ISA_USAGE = YES_ERROR;
				CLANG_WARN_EMPTY_BODY = YES;
				CLANG_WARN_ENUM_CONVERSION = YES;
				CLANG_WARN_INT_CONVERSION = YES;
				CLANG_WARN_OBJC_ROOT_CLASS = YES_ERROR;
				CLANG_WARN_UNREACHABLE_CODE = YES;
				CLANG_WARN__DUPLICATE_METHOD_MATCH = YES;
				CODE_SIGN_IDENTITY = "-";
				COPY_PHASE_STRIP = NO;
				DEBUG_INFORMATION_FORMAT = dwarf;
				ENABLE_STRICT_OBJC_MSGSEND = YES;
				ENABLE_TESTABILITY = YES;
				GCC_C_LANGUAGE_STANDARD = gnu99;
				GCC_DYNAMIC_NO_PIC = NO;
				GCC_NO_COMMON_BLOCKS = YES;
				GCC_OPTIMIZATION_LEVEL = 0;
				GCC_PREPROCESSOR_DEFINITIONS = (
					"DEBUG=1",
					"$(inherited)",
				);
				GCC_WARN_64_TO_32_BIT_CONVERSION = YES;
				GCC_WARN_ABOUT_RETURN_TYPE = YES_ERROR;
				GCC_WARN_UNDECLARED_SELECTOR = YES;
				GCC_WARN_UNINITIALIZED_AUTOS = YES_AGGRESSIVE;
				GCC_WARN_UNUSED_FUNCTION = YES;
				GCC_WARN_UNUSED_VARIABLE = YES;
				MACOSX_DEPLOYMENT_TARGET = 10.11;
				MTL_ENABLE_DEBUG_INFO = YES;
				ONLY_ACTIVE_ARCH = YES;
				SDKROOT = macosx;
				SWIFT_OPTIMIZATION_LEVEL = "-Onone";
			};
			name = Debug;
		};
		FBA44BB31C75CFE60058A9B4 /* Release */ = {
			isa = XCBuildConfiguration;
			buildSettings = {
				ALWAYS_SEARCH_USER_PATHS = NO;
				CLANG_CXX_LANGUAGE_STANDARD = "gnu++0x";
				CLANG_CXX_LIBRARY = "libc++";
				CLANG_ENABLE_MODULES = YES;
				CLANG_ENABLE_OBJC_ARC = YES;
				CLANG_WARN_BOOL_CONVERSION = YES;
				CLANG_WARN_CONSTANT_CONVERSION = YES;
				CLANG_WARN_DIRECT_OBJC_ISA_USAGE = YES_ERROR;
				CLANG_WARN_EMPTY_BODY = YES;
				CLANG_WARN_ENUM_CONVERSION = YES;
				CLANG_WARN_INT_CONVERSION = YES;
				CLANG_WARN_OBJC_ROOT_CLASS = YES_ERROR;
				CLANG_WARN_UNREACHABLE_CODE = YES;
				CLANG_WARN__DUPLICATE_METHOD_MATCH = YES;
				CODE_SIGN_IDENTITY = "-";
				COPY_PHASE_STRIP = NO;
				DEBUG_INFORMATION_FORMAT = "dwarf-with-dsym";
				ENABLE_NS_ASSERTIONS = NO;
				ENABLE_STRICT_OBJC_MSGSEND = YES;
				GCC_C_LANGUAGE_STANDARD = gnu99;
				GCC_NO_COMMON_BLOCKS = YES;
				GCC_WARN_64_TO_32_BIT_CONVERSION = YES;
				GCC_WARN_ABOUT_RETURN_TYPE = YES_ERROR;
				GCC_WARN_UNDECLARED_SELECTOR = YES;
				GCC_WARN_UNINITIALIZED_AUTOS = YES_AGGRESSIVE;
				GCC_WARN_UNUSED_FUNCTION = YES;
				GCC_WARN_UNUSED_VARIABLE = YES;
				MACOSX_DEPLOYMENT_TARGET = 10.11;
				MTL_ENABLE_DEBUG_INFO = NO;
				SDKROOT = macosx;
			};
			name = Release;
		};
		FBA44BB51C75CFE60058A9B4 /* Debug */ = {
			isa = XCBuildConfiguration;
			buildSettings = {
				PRODUCT_NAME = "$(TARGET_NAME)";
			};
			name = Debug;
		};
		FBA44BB61C75CFE60058A9B4 /* Release */ = {
			isa = XCBuildConfiguration;
			buildSettings = {
				PRODUCT_NAME = "$(TARGET_NAME)";
			};
			name = Release;
		};
/* End XCBuildConfiguration section */

/* Begin XCConfigurationList section */
		FBA44BA81C75CFE60058A9B4 /* Build configuration list for PBXProject "GeometriaStruct" */ = {
			isa = XCConfigurationList;
			buildConfigurations = (
				FBA44BB21C75CFE60058A9B4 /* Debug */,
				FBA44BB31C75CFE60058A9B4 /* Release */,
			);
			defaultConfigurationIsVisible = 0;
			defaultConfigurationName = Release;
		};
		FBA44BB41C75CFE60058A9B4 /* Build configuration list for PBXNativeTarget "GeometriaStruct" */ = {
			isa = XCConfigurationList;
			buildConfigurations = (
				FBA44BB51C75CFE60058A9B4 /* Debug */,
				FBA44BB61C75CFE60058A9B4 /* Release */,
			);
			defaultConfigurationIsVisible = 0;
		};
/* End XCConfigurationList section */
	};
	rootObject = FBA44BA51C75CFE60058A9B4 /* Project object */;
}
